// !$*UTF8*$!
{
	archiveVersion = 1;
	classes = {
	};
	objectVersion = 50;
	objects = {

/* Begin PBXBuildFile section */
		0E0A594C236F1015009A40C5 /* AppDelegate.swift in Sources */ = {isa = PBXBuildFile; fileRef = 0E0A594B236F1015009A40C5 /* AppDelegate.swift */; };
		0E0A5951236F1015009A40C5 /* Main.storyboard in Resources */ = {isa = PBXBuildFile; fileRef = 0E0A594F236F1015009A40C5 /* Main.storyboard */; };
		0E0A5953236F1016009A40C5 /* Assets.xcassets in Resources */ = {isa = PBXBuildFile; fileRef = 0E0A5952236F1016009A40C5 /* Assets.xcassets */; };
		0E0A5956236F1016009A40C5 /* LaunchScreen.storyboard in Resources */ = {isa = PBXBuildFile; fileRef = 0E0A5954236F1016009A40C5 /* LaunchScreen.storyboard */; };
		0E0A597B236F11AA009A40C5 /* ListViewController.swift in Sources */ = {isa = PBXBuildFile; fileRef = 0E0A597A236F11AA009A40C5 /* ListViewController.swift */; };
		0E0A597D236F11BF009A40C5 /* DetailViewController.swift in Sources */ = {isa = PBXBuildFile; fileRef = 0E0A597C236F11BF009A40C5 /* DetailViewController.swift */; };
		0E0A597F236F11D5009A40C5 /* ProductViewModel.swift in Sources */ = {isa = PBXBuildFile; fileRef = 0E0A597E236F11D5009A40C5 /* ProductViewModel.swift */; };
		0E0A5981236F11E0009A40C5 /* Product.swift in Sources */ = {isa = PBXBuildFile; fileRef = 0E0A5980236F11E0009A40C5 /* Product.swift */; };
		0E0A5983236F1208009A40C5 /* ProductService.swift in Sources */ = {isa = PBXBuildFile; fileRef = 0E0A5982236F1208009A40C5 /* ProductService.swift */; };
		0E0A5985236F150E009A40C5 /* NavController.swift in Sources */ = {isa = PBXBuildFile; fileRef = 0E0A5984236F150E009A40C5 /* NavController.swift */; };
		0E0A5988236F1673009A40C5 /* ListTableViewCell.swift in Sources */ = {isa = PBXBuildFile; fileRef = 0E0A5986236F1673009A40C5 /* ListTableViewCell.swift */; };
		0E0A5989236F1673009A40C5 /* ListTableViewCell.xib in Resources */ = {isa = PBXBuildFile; fileRef = 0E0A5987236F1673009A40C5 /* ListTableViewCell.xib */; };
		0E0A598F236F45F2009A40C5 /* TestProductViewModel.swift in Sources */ = {isa = PBXBuildFile; fileRef = 0E0A598E236F45F2009A40C5 /* TestProductViewModel.swift */; };
		0E0A5991236F4652009A40C5 /* FakeProductService.swift in Sources */ = {isa = PBXBuildFile; fileRef = 0E0A5990236F4652009A40C5 /* FakeProductService.swift */; };
		0E0A5993236F552C009A40C5 /* LoadImageService.swift in Sources */ = {isa = PBXBuildFile; fileRef = 0E0A5992236F552C009A40C5 /* LoadImageService.swift */; };
		0E0A5995236F5667009A40C5 /* FakeLoadImageService.swift in Sources */ = {isa = PBXBuildFile; fileRef = 0E0A5994236F5667009A40C5 /* FakeLoadImageService.swift */; };
		0E539590236F5E0000EA1B11 /* TestListViewController.swift in Sources */ = {isa = PBXBuildFile; fileRef = 0E53958F236F5E0000EA1B11 /* TestListViewController.swift */; };
		0E539593236F5E8400EA1B11 /* FakeProductViewModel.swift in Sources */ = {isa = PBXBuildFile; fileRef = 0E539592236F5E8400EA1B11 /* FakeProductViewModel.swift */; };
		0E539595236F77A900EA1B11 /* TestDetailViewController.swift in Sources */ = {isa = PBXBuildFile; fileRef = 0E539594236F77A900EA1B11 /* TestDetailViewController.swift */; };
/* End PBXBuildFile section */

/* Begin PBXContainerItemProxy section */
		0E0A595D236F1016009A40C5 /* PBXContainerItemProxy */ = {
			isa = PBXContainerItemProxy;
			containerPortal = 0E0A5940236F1014009A40C5 /* Project object */;
			proxyType = 1;
			remoteGlobalIDString = 0E0A5947236F1014009A40C5;
			remoteInfo = TemplateApp;
		};
/* End PBXContainerItemProxy section */

/* Begin PBXFileReference section */
		0E0A5948236F1014009A40C5 /* TemplateApp.app */ = {isa = PBXFileReference; explicitFileType = wrapper.application; includeInIndex = 0; path = TemplateApp.app; sourceTree = BUILT_PRODUCTS_DIR; };
		0E0A594B236F1015009A40C5 /* AppDelegate.swift */ = {isa = PBXFileReference; lastKnownFileType = sourcecode.swift; path = AppDelegate.swift; sourceTree = "<group>"; };
		0E0A5950236F1015009A40C5 /* Base */ = {isa = PBXFileReference; lastKnownFileType = file.storyboard; name = Base; path = Base.lproj/Main.storyboard; sourceTree = "<group>"; };
		0E0A5952236F1016009A40C5 /* Assets.xcassets */ = {isa = PBXFileReference; lastKnownFileType = folder.assetcatalog; path = Assets.xcassets; sourceTree = "<group>"; };
		0E0A5955236F1016009A40C5 /* Base */ = {isa = PBXFileReference; lastKnownFileType = file.storyboard; name = Base; path = Base.lproj/LaunchScreen.storyboard; sourceTree = "<group>"; };
		0E0A5957236F1016009A40C5 /* Info.plist */ = {isa = PBXFileReference; lastKnownFileType = text.plist.xml; path = Info.plist; sourceTree = "<group>"; };
		0E0A595C236F1016009A40C5 /* TemplateAppTests.xctest */ = {isa = PBXFileReference; explicitFileType = wrapper.cfbundle; includeInIndex = 0; path = TemplateAppTests.xctest; sourceTree = BUILT_PRODUCTS_DIR; };
		0E0A5962236F1016009A40C5 /* Info.plist */ = {isa = PBXFileReference; lastKnownFileType = text.plist.xml; path = Info.plist; sourceTree = "<group>"; };
		0E0A596B236F1016009A40C5 /* TemplateAppUITests.swift */ = {isa = PBXFileReference; lastKnownFileType = sourcecode.swift; path = TemplateAppUITests.swift; sourceTree = "<group>"; };
		0E0A596D236F1016009A40C5 /* Info.plist */ = {isa = PBXFileReference; lastKnownFileType = text.plist.xml; path = Info.plist; sourceTree = "<group>"; };
		0E0A597A236F11AA009A40C5 /* ListViewController.swift */ = {isa = PBXFileReference; lastKnownFileType = sourcecode.swift; path = ListViewController.swift; sourceTree = "<group>"; };
		0E0A597C236F11BF009A40C5 /* DetailViewController.swift */ = {isa = PBXFileReference; lastKnownFileType = sourcecode.swift; path = DetailViewController.swift; sourceTree = "<group>"; };
		0E0A597E236F11D5009A40C5 /* ProductViewModel.swift */ = {isa = PBXFileReference; lastKnownFileType = sourcecode.swift; path = ProductViewModel.swift; sourceTree = "<group>"; };
		0E0A5980236F11E0009A40C5 /* Product.swift */ = {isa = PBXFileReference; lastKnownFileType = sourcecode.swift; path = Product.swift; sourceTree = "<group>"; };
		0E0A5982236F1208009A40C5 /* ProductService.swift */ = {isa = PBXFileReference; lastKnownFileType = sourcecode.swift; path = ProductService.swift; sourceTree = "<group>"; };
		0E0A5984236F150E009A40C5 /* NavController.swift */ = {isa = PBXFileReference; lastKnownFileType = sourcecode.swift; path = NavController.swift; sourceTree = "<group>"; };
		0E0A5986236F1673009A40C5 /* ListTableViewCell.swift */ = {isa = PBXFileReference; lastKnownFileType = sourcecode.swift; path = ListTableViewCell.swift; sourceTree = "<group>"; };
		0E0A5987236F1673009A40C5 /* ListTableViewCell.xib */ = {isa = PBXFileReference; lastKnownFileType = file.xib; path = ListTableViewCell.xib; sourceTree = "<group>"; };
		0E0A598E236F45F2009A40C5 /* TestProductViewModel.swift */ = {isa = PBXFileReference; lastKnownFileType = sourcecode.swift; path = TestProductViewModel.swift; sourceTree = "<group>"; };
		0E0A5990236F4652009A40C5 /* FakeProductService.swift */ = {isa = PBXFileReference; lastKnownFileType = sourcecode.swift; path = FakeProductService.swift; sourceTree = "<group>"; };
		0E0A5992236F552C009A40C5 /* LoadImageService.swift */ = {isa = PBXFileReference; lastKnownFileType = sourcecode.swift; path = LoadImageService.swift; sourceTree = "<group>"; };
		0E0A5994236F5667009A40C5 /* FakeLoadImageService.swift */ = {isa = PBXFileReference; lastKnownFileType = sourcecode.swift; path = FakeLoadImageService.swift; sourceTree = "<group>"; };
		0E53958F236F5E0000EA1B11 /* TestListViewController.swift */ = {isa = PBXFileReference; lastKnownFileType = sourcecode.swift; path = TestListViewController.swift; sourceTree = "<group>"; };
		0E539592236F5E8400EA1B11 /* FakeProductViewModel.swift */ = {isa = PBXFileReference; lastKnownFileType = sourcecode.swift; path = FakeProductViewModel.swift; sourceTree = "<group>"; };
		0E539594236F77A900EA1B11 /* TestDetailViewController.swift */ = {isa = PBXFileReference; lastKnownFileType = sourcecode.swift; path = TestDetailViewController.swift; sourceTree = "<group>"; };
/* End PBXFileReference section */

/* Begin PBXFrameworksBuildPhase section */
		0E0A5945236F1014009A40C5 /* Frameworks */ = {
			isa = PBXFrameworksBuildPhase;
			buildActionMask = 2147483647;
			files = (
			);
			runOnlyForDeploymentPostprocessing = 0;
		};
		0E0A5959236F1016009A40C5 /* Frameworks */ = {
			isa = PBXFrameworksBuildPhase;
			buildActionMask = 2147483647;
			files = (
			);
			runOnlyForDeploymentPostprocessing = 0;
		};
/* End PBXFrameworksBuildPhase section */

/* Begin PBXGroup section */
		0E0A593F236F1014009A40C5 = {
			isa = PBXGroup;
			children = (
				0E0A594A236F1015009A40C5 /* TemplateApp */,
				0E0A595F236F1016009A40C5 /* TemplateAppTests */,
				0E0A596A236F1016009A40C5 /* TemplateAppUITests */,
				0E0A5949236F1014009A40C5 /* Products */,
			);
			sourceTree = "<group>";
		};
		0E0A5949236F1014009A40C5 /* Products */ = {
			isa = PBXGroup;
			children = (
				0E0A5948236F1014009A40C5 /* TemplateApp.app */,
				0E0A595C236F1016009A40C5 /* TemplateAppTests.xctest */,
			);
			name = Products;
			sourceTree = "<group>";
		};
		0E0A594A236F1015009A40C5 /* TemplateApp */ = {
			isa = PBXGroup;
			children = (
				0E0A5979236F1184009A40C5 /* Main */,
				0E0A594B236F1015009A40C5 /* AppDelegate.swift */,
				0E0A594F236F1015009A40C5 /* Main.storyboard */,
				0E0A5952236F1016009A40C5 /* Assets.xcassets */,
				0E0A5954236F1016009A40C5 /* LaunchScreen.storyboard */,
				0E0A5957236F1016009A40C5 /* Info.plist */,
			);
			path = TemplateApp;
			sourceTree = "<group>";
		};
		0E0A595F236F1016009A40C5 /* TemplateAppTests */ = {
			isa = PBXGroup;
			children = (
				0E539591236F5E5500EA1B11 /* FakesObjects */,
				0E0A598D236F45D3009A40C5 /* Main */,
				0E0A5962236F1016009A40C5 /* Info.plist */,
			);
			path = TemplateAppTests;
			sourceTree = "<group>";
		};
		0E0A596A236F1016009A40C5 /* TemplateAppUITests */ = {
			isa = PBXGroup;
			children = (
				0E0A596B236F1016009A40C5 /* TemplateAppUITests.swift */,
				0E0A596D236F1016009A40C5 /* Info.plist */,
			);
			path = TemplateAppUITests;
			sourceTree = "<group>";
		};
		0E0A5979236F1184009A40C5 /* Main */ = {
			isa = PBXGroup;
			children = (
				0E0A5984236F150E009A40C5 /* NavController.swift */,
				0E0A5986236F1673009A40C5 /* ListTableViewCell.swift */,
				0E0A5987236F1673009A40C5 /* ListTableViewCell.xib */,
				0E0A597A236F11AA009A40C5 /* ListViewController.swift */,
				0E0A597C236F11BF009A40C5 /* DetailViewController.swift */,
				0E0A597E236F11D5009A40C5 /* ProductViewModel.swift */,
				0E0A5980236F11E0009A40C5 /* Product.swift */,
				0E0A5982236F1208009A40C5 /* ProductService.swift */,
				0E0A5992236F552C009A40C5 /* LoadImageService.swift */,
			);
			path = Main;
			sourceTree = "<group>";
		};
		0E0A598D236F45D3009A40C5 /* Main */ = {
			isa = PBXGroup;
			children = (
				0E0A598E236F45F2009A40C5 /* TestProductViewModel.swift */,
				0E53958F236F5E0000EA1B11 /* TestListViewController.swift */,
				0E539594236F77A900EA1B11 /* TestDetailViewController.swift */,
			);
			path = Main;
			sourceTree = "<group>";
		};
		0E539591236F5E5500EA1B11 /* FakesObjects */ = {
			isa = PBXGroup;
			children = (
				0E0A5990236F4652009A40C5 /* FakeProductService.swift */,
				0E0A5994236F5667009A40C5 /* FakeLoadImageService.swift */,
				0E539592236F5E8400EA1B11 /* FakeProductViewModel.swift */,
			);
			path = FakesObjects;
			sourceTree = "<group>";
		};
/* End PBXGroup section */

/* Begin PBXNativeTarget section */
		0E0A5947236F1014009A40C5 /* TemplateApp */ = {
			isa = PBXNativeTarget;
			buildConfigurationList = 0E0A5970236F1016009A40C5 /* Build configuration list for PBXNativeTarget "TemplateApp" */;
			buildPhases = (
				0E0A5944236F1014009A40C5 /* Sources */,
				0E0A5945236F1014009A40C5 /* Frameworks */,
				0E0A5946236F1014009A40C5 /* Resources */,
			);
			buildRules = (
			);
			dependencies = (
			);
			name = TemplateApp;
			productName = TemplateApp;
			productReference = 0E0A5948236F1014009A40C5 /* TemplateApp.app */;
			productType = "com.apple.product-type.application";
		};
		0E0A595B236F1016009A40C5 /* TemplateAppTests */ = {
			isa = PBXNativeTarget;
			buildConfigurationList = 0E0A5973236F1016009A40C5 /* Build configuration list for PBXNativeTarget "TemplateAppTests" */;
			buildPhases = (
				0E0A5958236F1016009A40C5 /* Sources */,
				0E0A5959236F1016009A40C5 /* Frameworks */,
				0E0A595A236F1016009A40C5 /* Resources */,
			);
			buildRules = (
			);
			dependencies = (
				0E0A595E236F1016009A40C5 /* PBXTargetDependency */,
			);
			name = TemplateAppTests;
			productName = TemplateAppTests;
			productReference = 0E0A595C236F1016009A40C5 /* TemplateAppTests.xctest */;
			productType = "com.apple.product-type.bundle.unit-test";
		};
/* End PBXNativeTarget section */

/* Begin PBXProject section */
		0E0A5940236F1014009A40C5 /* Project object */ = {
			isa = PBXProject;
			attributes = {
				LastSwiftUpdateCheck = 1020;
				LastUpgradeCheck = 1020;
				ORGANIZATIONNAME = "Mike Saradeth";
				TargetAttributes = {
					0E0A5947236F1014009A40C5 = {
						CreatedOnToolsVersion = 10.2.1;
					};
					0E0A595B236F1016009A40C5 = {
						CreatedOnToolsVersion = 10.2.1;
						TestTargetID = 0E0A5947236F1014009A40C5;
					};
				};
			};
			buildConfigurationList = 0E0A5943236F1014009A40C5 /* Build configuration list for PBXProject "TemplateApp" */;
			compatibilityVersion = "Xcode 9.3";
			developmentRegion = en;
			hasScannedForEncodings = 0;
			knownRegions = (
				en,
				Base,
			);
			mainGroup = 0E0A593F236F1014009A40C5;
			productRefGroup = 0E0A5949236F1014009A40C5 /* Products */;
			projectDirPath = "";
			projectRoot = "";
			targets = (
				0E0A5947236F1014009A40C5 /* TemplateApp */,
				0E0A595B236F1016009A40C5 /* TemplateAppTests */,
			);
		};
/* End PBXProject section */

/* Begin PBXResourcesBuildPhase section */
		0E0A5946236F1014009A40C5 /* Resources */ = {
			isa = PBXResourcesBuildPhase;
			buildActionMask = 2147483647;
			files = (
				0E0A5956236F1016009A40C5 /* LaunchScreen.storyboard in Resources */,
				0E0A5989236F1673009A40C5 /* ListTableViewCell.xib in Resources */,
				0E0A5953236F1016009A40C5 /* Assets.xcassets in Resources */,
				0E0A5951236F1015009A40C5 /* Main.storyboard in Resources */,
			);
			runOnlyForDeploymentPostprocessing = 0;
		};
		0E0A595A236F1016009A40C5 /* Resources */ = {
			isa = PBXResourcesBuildPhase;
			buildActionMask = 2147483647;
			files = (
			);
			runOnlyForDeploymentPostprocessing = 0;
		};
/* End PBXResourcesBuildPhase section */

/* Begin PBXSourcesBuildPhase section */
		0E0A5944236F1014009A40C5 /* Sources */ = {
			isa = PBXSourcesBuildPhase;
			buildActionMask = 2147483647;
			files = (
				0E0A597D236F11BF009A40C5 /* DetailViewController.swift in Sources */,
				0E0A5988236F1673009A40C5 /* ListTableViewCell.swift in Sources */,
				0E0A5985236F150E009A40C5 /* NavController.swift in Sources */,
				0E0A597B236F11AA009A40C5 /* ListViewController.swift in Sources */,
				0E0A5993236F552C009A40C5 /* LoadImageService.swift in Sources */,
				0E0A5981236F11E0009A40C5 /* Product.swift in Sources */,
				0E0A597F236F11D5009A40C5 /* ProductViewModel.swift in Sources */,
				0E0A594C236F1015009A40C5 /* AppDelegate.swift in Sources */,
				0E0A5983236F1208009A40C5 /* ProductService.swift in Sources */,
			);
			runOnlyForDeploymentPostprocessing = 0;
		};
		0E0A5958236F1016009A40C5 /* Sources */ = {
			isa = PBXSourcesBuildPhase;
			buildActionMask = 2147483647;
			files = (
				0E539593236F5E8400EA1B11 /* FakeProductViewModel.swift in Sources */,
				0E0A5995236F5667009A40C5 /* FakeLoadImageService.swift in Sources */,
				0E539590236F5E0000EA1B11 /* TestListViewController.swift in Sources */,
				0E0A5991236F4652009A40C5 /* FakeProductService.swift in Sources */,
				0E0A598F236F45F2009A40C5 /* TestProductViewModel.swift in Sources */,
				0E539595236F77A900EA1B11 /* TestDetailViewController.swift in Sources */,
			);
			runOnlyForDeploymentPostprocessing = 0;
		};
/* End PBXSourcesBuildPhase section */

/* Begin PBXTargetDependency section */
		0E0A595E236F1016009A40C5 /* PBXTargetDependency */ = {
			isa = PBXTargetDependency;
			target = 0E0A5947236F1014009A40C5 /* TemplateApp */;
			targetProxy = 0E0A595D236F1016009A40C5 /* PBXContainerItemProxy */;
		};
/* End PBXTargetDependency section */

/* Begin PBXVariantGroup section */
		0E0A594F236F1015009A40C5 /* Main.storyboard */ = {
			isa = PBXVariantGroup;
			children = (
				0E0A5950236F1015009A40C5 /* Base */,
			);
			name = Main.storyboard;
			sourceTree = "<group>";
		};
		0E0A5954236F1016009A40C5 /* LaunchScreen.storyboard */ = {
			isa = PBXVariantGroup;
			children = (
				0E0A5955236F1016009A40C5 /* Base */,
			);
			name = LaunchScreen.storyboard;
			sourceTree = "<group>";
		};
/* End PBXVariantGroup section */

/* Begin XCBuildConfiguration section */
		0E0A596E236F1016009A40C5 /* Debug */ = {
			isa = XCBuildConfiguration;
			buildSettings = {
				ALWAYS_SEARCH_USER_PATHS = NO;
				CLANG_ANALYZER_NONNULL = YES;
				CLANG_ANALYZER_NUMBER_OBJECT_CONVERSION = YES_AGGRESSIVE;
				CLANG_CXX_LANGUAGE_STANDARD = "gnu++14";
				CLANG_CXX_LIBRARY = "libc++";
				CLANG_ENABLE_MODULES = YES;
				CLANG_ENABLE_OBJC_ARC = YES;
				CLANG_ENABLE_OBJC_WEAK = YES;
				CLANG_WARN_BLOCK_CAPTURE_AUTORELEASING = YES;
				CLANG_WARN_BOOL_CONVERSION = YES;
				CLANG_WARN_COMMA = YES;
				CLANG_WARN_CONSTANT_CONVERSION = YES;
				CLANG_WARN_DEPRECATED_OBJC_IMPLEMENTATIONS = YES;
				CLANG_WARN_DIRECT_OBJC_ISA_USAGE = YES_ERROR;
				CLANG_WARN_DOCUMENTATION_COMMENTS = YES;
				CLANG_WARN_EMPTY_BODY = YES;
				CLANG_WARN_ENUM_CONVERSION = YES;
				CLANG_WARN_INFINITE_RECURSION = YES;
				CLANG_WARN_INT_CONVERSION = YES;
				CLANG_WARN_NON_LITERAL_NULL_CONVERSION = YES;
				CLANG_WARN_OBJC_IMPLICIT_RETAIN_SELF = YES;
				CLANG_WARN_OBJC_LITERAL_CONVERSION = YES;
				CLANG_WARN_OBJC_ROOT_CLASS = YES_ERROR;
				CLANG_WARN_RANGE_LOOP_ANALYSIS = YES;
				CLANG_WARN_STRICT_PROTOTYPES = YES;
				CLANG_WARN_SUSPICIOUS_MOVE = YES;
				CLANG_WARN_UNGUARDED_AVAILABILITY = YES_AGGRESSIVE;
				CLANG_WARN_UNREACHABLE_CODE = YES;
				CLANG_WARN__DUPLICATE_METHOD_MATCH = YES;
				CODE_SIGN_IDENTITY = "iPhone Developer";
				COPY_PHASE_STRIP = NO;
				DEBUG_INFORMATION_FORMAT = dwarf;
				ENABLE_STRICT_OBJC_MSGSEND = YES;
				ENABLE_TESTABILITY = YES;
				GCC_C_LANGUAGE_STANDARD = gnu11;
				GCC_DYNAMIC_NO_PIC = NO;
				GCC_NO_COMMON_BLOCKS = YES;
				GCC_OPTIMIZATION_LEVEL = 0;
				GCC_PREPROCESSOR_DEFINITIONS = (
					"DEBUG=1",
					"$(inherited)",
				);
				GCC_WARN_64_TO_32_BIT_CONVERSION = YES;
				GCC_WARN_ABOUT_RETURN_TYPE = YES_ERROR;
				GCC_WARN_UNDECLARED_SELECTOR = YES;
				GCC_WARN_UNINITIALIZED_AUTOS = YES_AGGRESSIVE;
				GCC_WARN_UNUSED_FUNCTION = YES;
				GCC_WARN_UNUSED_VARIABLE = YES;
				IPHONEOS_DEPLOYMENT_TARGET = 12.2;
				MTL_ENABLE_DEBUG_INFO = INCLUDE_SOURCE;
				MTL_FAST_MATH = YES;
				ONLY_ACTIVE_ARCH = YES;
				SDKROOT = iphoneos;
				SWIFT_ACTIVE_COMPILATION_CONDITIONS = DEBUG;
				SWIFT_OPTIMIZATION_LEVEL = "-Onone";
			};
			name = Debug;
		};
		0E0A596F236F1016009A40C5 /* Release */ = {
			isa = XCBuildConfiguration;
			buildSettings = {
				ALWAYS_SEARCH_USER_PATHS = NO;
				CLANG_ANALYZER_NONNULL = YES;
				CLANG_ANALYZER_NUMBER_OBJECT_CONVERSION = YES_AGGRESSIVE;
				CLANG_CXX_LANGUAGE_STANDARD = "gnu++14";
				CLANG_CXX_LIBRARY = "libc++";
				CLANG_ENABLE_MODULES = YES;
				CLANG_ENABLE_OBJC_ARC = YES;
				CLANG_ENABLE_OBJC_WEAK = YES;
				CLANG_WARN_BLOCK_CAPTURE_AUTORELEASING = YES;
				CLANG_WARN_BOOL_CONVERSION = YES;
				CLANG_WARN_COMMA = YES;
				CLANG_WARN_CONSTANT_CONVERSION = YES;
				CLANG_WARN_DEPRECATED_OBJC_IMPLEMENTATIONS = YES;
				CLANG_WARN_DIRECT_OBJC_ISA_USAGE = YES_ERROR;
				CLANG_WARN_DOCUMENTATION_COMMENTS = YES;
				CLANG_WARN_EMPTY_BODY = YES;
				CLANG_WARN_ENUM_CONVERSION = YES;
				CLANG_WARN_INFINITE_RECURSION = YES;
				CLANG_WARN_INT_CONVERSION = YES;
				CLANG_WARN_NON_LITERAL_NULL_CONVERSION = YES;
				CLANG_WARN_OBJC_IMPLICIT_RETAIN_SELF = YES;
				CLANG_WARN_OBJC_LITERAL_CONVERSION = YES;
				CLANG_WARN_OBJC_ROOT_CLASS = YES_ERROR;
				CLANG_WARN_RANGE_LOOP_ANALYSIS = YES;
				CLANG_WARN_STRICT_PROTOTYPES = YES;
				CLANG_WARN_SUSPICIOUS_MOVE = YES;
				CLANG_WARN_UNGUARDED_AVAILABILITY = YES_AGGRESSIVE;
				CLANG_WARN_UNREACHABLE_CODE = YES;
				CLANG_WARN__DUPLICATE_METHOD_MATCH = YES;
				CODE_SIGN_IDENTITY = "iPhone Developer";
				COPY_PHASE_STRIP = NO;
				DEBUG_INFORMATION_FORMAT = "dwarf-with-dsym";
				ENABLE_NS_ASSERTIONS = NO;
				ENABLE_STRICT_OBJC_MSGSEND = YES;
				GCC_C_LANGUAGE_STANDARD = gnu11;
				GCC_NO_COMMON_BLOCKS = YES;
				GCC_WARN_64_TO_32_BIT_CONVERSION = YES;
				GCC_WARN_ABOUT_RETURN_TYPE = YES_ERROR;
				GCC_WARN_UNDECLARED_SELECTOR = YES;
				GCC_WARN_UNINITIALIZED_AUTOS = YES_AGGRESSIVE;
				GCC_WARN_UNUSED_FUNCTION = YES;
				GCC_WARN_UNUSED_VARIABLE = YES;
				IPHONEOS_DEPLOYMENT_TARGET = 12.2;
				MTL_ENABLE_DEBUG_INFO = NO;
				MTL_FAST_MATH = YES;
				SDKROOT = iphoneos;
				SWIFT_COMPILATION_MODE = wholemodule;
				SWIFT_OPTIMIZATION_LEVEL = "-O";
				VALIDATE_PRODUCT = YES;
			};
			name = Release;
		};
		0E0A5971236F1016009A40C5 /* Debug */ = {
			isa = XCBuildConfiguration;
			buildSettings = {
				ASSETCATALOG_COMPILER_APPICON_NAME = AppIcon;
				CODE_SIGN_STYLE = Automatic;
				DEVELOPMENT_TEAM = QAJNW7456U;
				INFOPLIST_FILE = TemplateApp/Info.plist;
				LD_RUNPATH_SEARCH_PATHS = (
					"$(inherited)",
					"@executable_path/Frameworks",
				);
				PRODUCT_BUNDLE_IDENTIFIER = "Mike-Saradeth.TemplateApp";
				PRODUCT_NAME = "$(TARGET_NAME)";
				SWIFT_VERSION = 5.0;
				TARGETED_DEVICE_FAMILY = "1,2";
			};
			name = Debug;
		};
		0E0A5972236F1016009A40C5 /* Release */ = {
			isa = XCBuildConfiguration;
			buildSettings = {
				ASSETCATALOG_COMPILER_APPICON_NAME = AppIcon;
				CODE_SIGN_STYLE = Automatic;
				DEVELOPMENT_TEAM = QAJNW7456U;
				INFOPLIST_FILE = TemplateApp/Info.plist;
				LD_RUNPATH_SEARCH_PATHS = (
					"$(inherited)",
					"@executable_path/Frameworks",
				);
				PRODUCT_BUNDLE_IDENTIFIER = "Mike-Saradeth.TemplateApp";
				PRODUCT_NAME = "$(TARGET_NAME)";
				SWIFT_VERSION = 5.0;
				TARGETED_DEVICE_FAMILY = "1,2";
			};
			name = Release;
		};
		0E0A5974236F1016009A40C5 /* Debug */ = {
			isa = XCBuildConfiguration;
			buildSettings = {
				ALWAYS_EMBED_SWIFT_STANDARD_LIBRARIES = YES;
				BUNDLE_LOADER = "$(TEST_HOST)";
				CODE_SIGN_STYLE = Automatic;
				DEVELOPMENT_TEAM = QAJNW7456U;
				INFOPLIST_FILE = TemplateAppTests/Info.plist;
				LD_RUNPATH_SEARCH_PATHS = (
					"$(inherited)",
					"@executable_path/Frameworks",
					"@loader_path/Frameworks",
				);
				PRODUCT_BUNDLE_IDENTIFIER = "Mike-Saradeth.TemplateAppTests";
				PRODUCT_NAME = "$(TARGET_NAME)";
				SWIFT_VERSION = 5.0;
				TARGETED_DEVICE_FAMILY = "1,2";
				TEST_HOST = "$(BUILT_PRODUCTS_DIR)/TemplateApp.app/TemplateApp";
			};
			name = Debug;
		};
		0E0A5975236F1016009A40C5 /* Release */ = {
			isa = XCBuildConfiguration;
			buildSettings = {
				ALWAYS_EMBED_SWIFT_STANDARD_LIBRARIES = YES;
				BUNDLE_LOADER = "$(TEST_HOST)";
				CODE_SIGN_STYLE = Automatic;
				DEVELOPMENT_TEAM = QAJNW7456U;
				INFOPLIST_FILE = TemplateAppTests/Info.plist;
				LD_RUNPATH_SEARCH_PATHS = (
					"$(inherited)",
					"@executable_path/Frameworks",
					"@loader_path/Frameworks",
				);
				PRODUCT_BUNDLE_IDENTIFIER = "Mike-Saradeth.TemplateAppTests";
				PRODUCT_NAME = "$(TARGET_NAME)";
				SWIFT_VERSION = 5.0;
				TARGETED_DEVICE_FAMILY = "1,2";
				TEST_HOST = "$(BUILT_PRODUCTS_DIR)/TemplateApp.app/TemplateApp";
			};
			name = Release;
		};
/* End XCBuildConfiguration section */

/* Begin XCConfigurationList section */
		0E0A5943236F1014009A40C5 /* Build configuration list for PBXProject "TemplateApp" */ = {
			isa = XCConfigurationList;
			buildConfigurations = (
				0E0A596E236F1016009A40C5 /* Debug */,
				0E0A596F236F1016009A40C5 /* Release */,
			);
			defaultConfigurationIsVisible = 0;
			defaultConfigurationName = Release;
		};
		0E0A5970236F1016009A40C5 /* Build configuration list for PBXNativeTarget "TemplateApp" */ = {
			isa = XCConfigurationList;
			buildConfigurations = (
				0E0A5971236F1016009A40C5 /* Debug */,
				0E0A5972236F1016009A40C5 /* Release */,
			);
			defaultConfigurationIsVisible = 0;
			defaultConfigurationName = Release;
		};
		0E0A5973236F1016009A40C5 /* Build configuration list for PBXNativeTarget "TemplateAppTests" */ = {
			isa = XCConfigurationList;
			buildConfigurations = (
				0E0A5974236F1016009A40C5 /* Debug */,
				0E0A5975236F1016009A40C5 /* Release */,
			);
			defaultConfigurationIsVisible = 0;
			defaultConfigurationName = Release;
		};
/* End XCConfigurationList section */
	};
	rootObject = 0E0A5940236F1014009A40C5 /* Project object */;
}
